github.com/artyom/autoflags v1.0.0/go.mod h1:Th9KgAVvFcYp7t8b//Pu21xHjExLpzr4SXCbwVbHL7Y=
github.com/artyom/autoflags v1.1.0 h1:Cz3qb/qSkhmt/Zgsu3D/HwMJtKYUSV5kctI6O9bekv4=
github.com/artyom/autoflags v1.1.0/go.mod h1:Th9KgAVvFcYp7t8b//Pu21xHjExLpzr4SXCbwVbHL7Y=
github.com/artyom/httpflags v1.1.1 h1:jFEBSOolZ8J3sRx2473y/TbgQMgd9wJszGKmoMFgqUs=
github.com/artyom/httpflags v1.1.1/go.mod h1:hipXJiUYR/L6Ny3KQkq4R88n76Wm62boW4dCvG0Hzvw=
github.com/artyom/oembed v1.0.0 h1:4ETTF6kPo6aidg5o7g1DtlJMEQAqOEGfWYuU2aRxELc=
github.com/artyom/oembed v1.0.0/go.mod h1:yOt+W9teyxTGIs1WDX6Oo2Yt0ryMX/mncvm+4Znmvns=
github.com/artyom/useragent v1.0.0 h1:2gw4kO1AeVctfkhJxWrdbSDlUw+ADbWl1K2qqShFzaw=
github.com/artyom/useragent v1.0.0/go.mod h1:RIzGwwxyYdeKySGNXkNvdKGdarP+1tzRkv7b34Mjbrk=
github.com/bradfitz/gomemcache v0.0.0-20180710155616-bc664df96737 h1:rRISKWyXfVxvoa702s91Zl5oREZTrR3yv+tXrrX7G/g=
github.com/bradfitz/gomemcache v0.0.0-20180710155616-bc664df96737/go.mod h1:PmM6Mmwb0LSuEubjR8N7PtNe1KxZLtOUHtbeikc5h60=
github.com/dyatlov/go-opengraph v0.0.0-20180429202543-816b6608b3c8 h1:6muCmMJat6z7qptVrIf/+OWPxsjAfvhw5/6t+FwEkgg=
github.com/dyatlov/go-opengraph v0.0.0-20180429202543-816b6608b3c8/go.mod h1:nYia/MIs9OyvXXYboPmNOj0gVWo97Wx0sde+ZuKkoM4=
github.com/gobwas/glob v0.2.3 h1:A4xDbljILXROh+kObIiy5kIaPYD8e96x1tgBhUI5J+Y=
github.com/gobwas/glob v0.2.3/go.mod h1:d3Ez4x06l9bZtSvzIay5+Yzi0fmZzPgnTbPcKjJAkT8=
github.com/gomarkdown/markdown v0.0.0-20180807065434-01a56b20f887 h1:7UcNAQDk35VUiKDw0kq2vhoqa0o3JA/CjfbQgCiG72k=
github.com/gomarkdown/markdown v0.0.0-20180807065434-01a56b20f887/go.mod h1:gmFANS06wAVmF0B9yi65QKsRmPQ97tze7FRLswua+OY=
golang.org/x/net v0.0.0-20180218175443-cbe0f9307d01 h1:po1f06KS05FvIQQA2pMuOWZAUXiy1KYdIf0ElUU2Hhc=
golang.org/x/net v0.0.0-20180218175443-cbe0f9307d01/go.mod h1:mL1N/T3taQHkDXs73rZJwtUhF3w3ftmwwsq0BUmARs4=
golang.org/x/text v0.0.0-20180208041248-4e4a3210bb54 h1:a5WocgxWTnjG0C4hZblDx+yonFbQMMbv8yJGhHMz/nY=
golang.org/x/text v0.0.0-20180208041248-4e4a3210bb54/go.mod h1:NqM8EUOU14njkJ3fqMW+pc6Ldnwhi/IjpwHt7yyuwOQ=
