github.com/artyom/autoflags v1.1.0 h1:Cz3qb/qSkhmt/Zgsu3D/HwMJtKYUSV5kctI6O9bekv4=
github.com/artyom/autoflags v1.1.0/go.mod h1:Th9KgAVvFcYp7t8b//Pu21xHjExLpzr4SXCbwVbHL7Y=
github.com/artyom/httpflags v0.0.0-20161119145448-3c80d2faacba h1:oa3b92V0PkqiB9OzrVnnp29PVIjYnPRzwvQc3Uess10=
github.com/artyom/httpflags v0.0.0-20161119145448-3c80d2faacba/go.mod h1:yc/yRvtU867sV/QXwlzFruD/4skXNv564twwEIlsCwM=
github.com/artyom/oembed v1.0.0 h1:4ETTF6kPo6aidg5o7g1DtlJMEQAqOEGfWYuU2aRxELc=
github.com/artyom/oembed v1.0.0/go.mod h1:yOt+W9teyxTGIs1WDX6Oo2Yt0ryMX/mncvm+4Znmvns=
github.com/artyom/useragent v1.0.0 h1:2gw4kO1AeVctfkhJxWrdbSDlUw+ADbWl1K2qqShFzaw=
github.com/artyom/useragent v1.0.0/go.mod h1:RIzGwwxyYdeKySGNXkNvdKGdarP+1tzRkv7b34Mjbrk=
github.com/bradfitz/gomemcache v0.0.0-20170208213004-1952afaa557d h1:7IjN4QP3c38xhg6wz8R3YjoU+6S9e7xBc0DAVLLIpHE=
github.com/bradfitz/gomemcache v0.0.0-20170208213004-1952afaa557d/go.mod h1:PmM6Mmwb0LSuEubjR8N7PtNe1KxZLtOUHtbeikc5h60=
github.com/dyatlov/go-opengraph v0.0.0-20160203134303-41a3523719df h1:/XZvBjuoyXsk7DRR9vI8JSRTqRS8f163L9bRdY5Sfw0=
github.com/dyatlov/go-opengraph v0.0.0-20160203134303-41a3523719df/go.mod h1:nYia/MIs9OyvXXYboPmNOj0gVWo97Wx0sde+ZuKkoM4=
github.com/gobwas/glob v0.2.3 h1:A4xDbljILXROh+kObIiy5kIaPYD8e96x1tgBhUI5J+Y=
github.com/gobwas/glob v0.2.3/go.mod h1:d3Ez4x06l9bZtSvzIay5+Yzi0fmZzPgnTbPcKjJAkT8=
github.com/gomarkdown/markdown v0.0.0-20180201131944-9059a41742a293f6d971a28795bd18a0815fc15f h1:vl2nA9vnuJwK9JtfY1t72fgijdZw+oubT4Cvxw5eHIo=
github.com/gomarkdown/markdown v0.0.0-20180201131944-9059a41742a293f6d971a28795bd18a0815fc15f/go.mod h1:gmFANS06wAVmF0B9yi65QKsRmPQ97tze7FRLswua+OY=
golang.org/x/net v0.0.0-20180218175443-cbe0f9307d01 h1:po1f06KS05FvIQQA2pMuOWZAUXiy1KYdIf0ElUU2Hhc=
golang.org/x/net v0.0.0-20180218175443-cbe0f9307d01/go.mod h1:mL1N/T3taQHkDXs73rZJwtUhF3w3ftmwwsq0BUmARs4=
golang.org/x/text v0.0.0-20180208041248-4e4a3210bb54 h1:a5WocgxWTnjG0C4hZblDx+yonFbQMMbv8yJGhHMz/nY=
golang.org/x/text v0.0.0-20180208041248-4e4a3210bb54/go.mod h1:NqM8EUOU14njkJ3fqMW+pc6Ldnwhi/IjpwHt7yyuwOQ=
