github.com/artyom/autoflags v1.1.1 h1:8flRmpb7xpjLHFVcM+HN+cEEKLw+H5a2hABDbRvfG9A=
github.com/artyom/autoflags v1.1.1/go.mod h1:Th9KgAVvFcYp7t8b//Pu21xHjExLpzr4SXCbwVbHL7Y=
github.com/artyom/httpflags v1.2.0 h1:Eyx41cC1Z3dR/j68aHBEzpGT49cwzOOJix3hd/lk5ms=
github.com/artyom/httpflags v1.2.0/go.mod h1:f85rgrdm0w+DDDVbSKJXRTQ9rBho16YUt2mwEHLb8OA=
github.com/artyom/oembed v1.0.1 h1:YxOT7S6mtJd/AiRxhgR205u3KMaXqOPdvjFHWOhYrVs=
github.com/artyom/oembed v1.0.1/go.mod h1:7ga4NCmPl7HCnjjNeUqCQiqyrYM3vhF/f6d5pXkpNNo=
github.com/bradfitz/gomemcache v0.0.0-20220106215444-fb4bf637b56d h1:pVrfxiGfwelyab6n21ZBkbkmbevaf+WvMIiR7sr97hw=
github.com/bradfitz/gomemcache v0.0.0-20220106215444-fb4bf637b56d/go.mod h1:H0wQNHz2YrLsuXOZozoeDmnHXkNCRmMW0gwFWDfEZDA=
github.com/dyatlov/go-opengraph v0.0.0-20210112100619-dae8665a5b09 h1:AQLr//nh20BzN3hIWj2+/Gt3FwSs8Nwo/nz4hMIcLPg=
github.com/dyatlov/go-opengraph v0.0.0-20210112100619-dae8665a5b09/go.mod h1:nYia/MIs9OyvXXYboPmNOj0gVWo97Wx0sde+ZuKkoM4=
github.com/gobwas/glob v0.2.3 h1:A4xDbljILXROh+kObIiy5kIaPYD8e96x1tgBhUI5J+Y=
github.com/gobwas/glob v0.2.3/go.mod h1:d3Ez4x06l9bZtSvzIay5+Yzi0fmZzPgnTbPcKjJAkT8=
github.com/golang/snappy v0.0.4 h1:yAGX7huGHXlcLOEtBnF4w7FQwA26wojNCwOYAEhLjQM=
github.com/golang/snappy v0.0.4/go.mod h1:/XxbfmMg8lxefKM7IXC3fBNl/7bRcc72aCRzEWrmP2Q=
github.com/gomarkdown/markdown v0.0.0-20220310201231-552c6011c0b8 h1:YVvt637ygnOO9qjLBVmPOvrUmCz/i8YECSu/8UlOQW0=
github.com/gomarkdown/markdown v0.0.0-20220310201231-552c6011c0b8/go.mod h1:JDGcbDT52eL4fju3sZ4TeHGsQwhG9nbDV21aMyhwPoA=
golang.org/x/crypto v0.0.0-20190308221718-c2843e01d9a2/go.mod h1:djNgcEr1/C05ACkg1iLfiJU5Ep61QUkGW8qpdssI0+w=
golang.org/x/net v0.0.0-20191112182307-2180aed22343/go.mod h1:z5CRVTTTmAJ677TzLLGU+0bjPO0LkuOLi4/5GtJWs/s=
golang.org/x/net v0.7.0 h1:rJrUqqhjsgNp7KqAIc25s9pZnjU7TUcSY7HcVZjdn1g=
golang.org/x/net v0.7.0/go.mod h1:2Tu9+aMcznHK/AK1HMvgo6xiTLG5rD5rZLDS+rp2Bjs=
golang.org/x/sync v0.0.0-20210220032951-036812b2e83c h1:5KslGYwFpkhGh+Q16bwMP3cOontH8FOep7tGV86Y7SQ=
golang.org/x/sync v0.0.0-20210220032951-036812b2e83c/go.mod h1:RxMgew5VJxzue5/jJTE5uejpjVlOe/izrB70Jof72aM=
golang.org/x/sys v0.0.0-20190215142949-d0b11bdaac8a/go.mod h1:STP8DvDyc/dI5b8T5hshtkjS+E42TnysNCUPdjciGhY=
golang.org/x/text v0.3.0/go.mod h1:NqM8EUOU14njkJ3fqMW+pc6Ldnwhi/IjpwHt7yyuwOQ=
golang.org/x/text v0.7.0 h1:4BRB4x83lYWy72KwLD/qYDuTu7q9PjSagHvijDw7cLo=
golang.org/x/text v0.7.0/go.mod h1:mrYo+phRRbMaCq/xk9113O4dZlRixOauAjOtrjsXDZ8=
